
Microsoft Visual Studio Solution File, Format Version 12.00
# Visual Studio Version 17
VisualStudioVersion = 17.13.35931.197 d17.13
MinimumVisualStudioVersion = 10.0.40219.1
Project("{FAE04EC0-301F-11D3-BF4B-00C04F79EFBC}") = "HubServer", "HubServer\HubServer.csproj", "{D1186332-C01B-4663-82E7-733A0060DBA7}"
EndProject
Project("{FAE04EC0-301F-11D3-BF4B-00C04F79EFBC}") = "Chat", "Chat\Chat\Chat.csproj", "{0B5F44FC-BE3C-4335-9677-40FEA5876014}"
EndProject
Project("{FAE04EC0-301F-11D3-BF4B-00C04F79EFBC}") = "Chat.Client", "Chat\Chat.Client\Chat.Client.csproj", "{01885131-74B4-4953-8C29-35058A7344EA}"
EndProject
Global
	GlobalSection(SolutionConfigurationPlatforms) = preSolution
		Debug|Any CPU = Debug|Any CPU
		Release|Any CPU = Release|Any CPU
	EndGlobalSection
	GlobalSection(ProjectConfigurationPlatforms) = postSolution
		{D1186332-C01B-4663-82E7-733A0060DBA7}.Debug|Any CPU.ActiveCfg = Debug|Any CPU
		{D1186332-C01B-4663-82E7-733A0060DBA7}.Debug|Any CPU.Build.0 = Debug|Any CPU
		{D1186332-C01B-4663-82E7-733A0060DBA7}.Release|Any CPU.ActiveCfg = Release|Any CPU
		{D1186332-C01B-4663-82E7-733A0060DBA7}.Release|Any CPU.Build.0 = Release|Any CPU
		{0B5F44FC-BE3C-4335-9677-40FEA5876014}.Debug|Any CPU.ActiveCfg = Debug|Any CPU
		{0B5F44FC-BE3C-4335-9677-40FEA5876014}.Debug|Any CPU.Build.0 = Debug|Any CPU
		{0B5F44FC-BE3C-4335-9677-40FEA5876014}.Release|Any CPU.ActiveCfg = Release|Any CPU
		{0B5F44FC-BE3C-4335-9677-40FEA5876014}.Release|Any CPU.Build.0 = Release|Any CPU
		{01885131-74B4-4953-8C29-35058A7344EA}.Debug|Any CPU.ActiveCfg = Debug|Any CPU
		{01885131-74B4-4953-8C29-35058A7344EA}.Debug|Any CPU.Build.0 = Debug|Any CPU
		{01885131-74B4-4953-8C29-35058A7344EA}.Release|Any CPU.ActiveCfg = Release|Any CPU
		{01885131-74B4-4953-8C29-35058A7344EA}.Release|Any CPU.Build.0 = Release|Any CPU
	EndGlobalSection
	GlobalSection(SolutionProperties) = preSolution
		HideSolutionNode = FALSE
	EndGlobalSection
	GlobalSection(ExtensibilityGlobals) = postSolution
		SolutionGuid = {44B93A5F-EE97-4324-A535-CBD734F0CD40}
	EndGlobalSection
EndGlobal
